<?xml version="1.0" encoding="UTF-8"?>
<Scheme
   LastUpgradeVersion = "1700"
   version = "1.7">
   <BuildAction
      parallelizeBuildables = "YES"
      buildImplicitDependencies = "YES"
      buildArchitectures = "Automatic">
      <BuildActionEntries>
         <BuildActionEntry
            buildForTesting = "YES"
            buildForRunning = "YES"
            buildForProfiling = "YES"
            buildForArchiving = "YES"
            buildForAnalyzing = "YES">
            <BuildableReference
               BuildableIdentifier = "primary"
               BlueprintIdentifier = "1E7EE2272EAD5A1500C66134"
               BuildableName = "Crisis Connect.app"
               BlueprintName = "Crisis Connect"
               ReferencedContainer = "container:Crisis Connect.xcodeproj">
            </BuildableReference>
         </BuildActionEntry>
      </BuildActionEntries>
   </BuildAction>
   <TestAction
      buildConfiguration = "Debug"
      selectedDebuggerIdentifier = "Xcode.DebuggerFoundation.Debugger.LLDB"
      selectedLauncherIdentifier = "Xcode.DebuggerFoundation.Launcher.LLDB"
      shouldUseLaunchSchemeArgsEnv = "YES">
      <MacroExpansion>
         <BuildableReference
            BuildableIdentifier = "primary"
            BlueprintIdentifier = "1E7EE2272EAD5A1500C66134"
            BuildableName = "Crisis Connect.app"
            BlueprintName = "Crisis Connect"
            ReferencedContainer = "container:Crisis Connect.xcodeproj">
         </BuildableReference>
      </MacroExpansion>
      <TestPlans>
         <TestPlanReference
            reference = "container:Crisis Connect.xctestplan"
            default = "YES">
         </TestPlanReference>
      </TestPlans>
      <Testables>
         <TestableReference
            skipped = "NO"
            parallelizable = "NO">
            <BuildableReference
               BuildableIdentifier = "primary"
               BlueprintIdentifier = "1E7EE2362EAD5A1700C66134"
               BuildableName = "Crisis ConnectTests.xctest"
               BlueprintName = "Crisis ConnectTests"
               ReferencedContainer = "container:Crisis Connect.xcodeproj">
            </BuildableReference>
         </TestableReference>
         <TestableReference
            skipped = "NO">
            <BuildableReference
               BuildableIdentifier = "primary"
               BlueprintIdentifier = "1E7EE2402EAD5A1700C66134"
               BuildableName = "Crisis ConnectUITests.xctest"
               BlueprintName = "Crisis ConnectUITests"
               ReferencedContainer = "container:Crisis Connect.xcodeproj">
            </BuildableReference>
         </TestableReference>
      </Testables>
   </TestAction>
   <LaunchAction
      buildConfiguration = "Debug"
      selectedDebuggerIdentifier = "Xcode.DebuggerFoundation.Debugger.LLDB"
      selectedLauncherIdentifier = "Xcode.DebuggerFoundation.Launcher.LLDB"
      launchStyle = "0"
      useCustomWorkingDirectory = "NO"
      ignoresPersistentStateOnLaunch = "NO"
      debugDocumentVersioning = "YES"
      debugServiceExtension = "internal"
      allowLocationSimulation = "YES">
      <BuildableProductRunnable
         runnableDebuggingMode = "0">
         <BuildableReference
            BuildableIdentifier = "primary"
            BlueprintIdentifier = "1E7EE2272EAD5A1500C66134"
            BuildableName = "Crisis Connect.app"
            BlueprintName = "Crisis Connect"
            ReferencedContainer = "container:Crisis Connect.xcodeproj">
         </BuildableReference>
      </BuildableProductRunnable>
      <EnvironmentVariables>
         <EnvironmentVariable
            key = "FIRAAppCheckDebugToken"
            value = "9224365D-287C-402A-9552-E558C85B371E"
            isEnabled = "YES">
         </EnvironmentVariable>
         <EnvironmentVariable
            key = "CRISIS_SCREENSHOT_SCENE"
            value = "chat"
            isEnabled = "NO">
         </EnvironmentVariable>
      </EnvironmentVariables>
   </LaunchAction>
   <ProfileAction
      buildConfiguration = "Release"
      shouldUseLaunchSchemeArgsEnv = "YES"
      savedToolIdentifier = ""
      useCustomWorkingDirectory = "NO"
      debugDocumentVersioning = "YES">
      <BuildableProductRunnable
         runnableDebuggingMode = "0">
         <BuildableReference
            BuildableIdentifier = "primary"
            BlueprintIdentifier = "1E7EE2272EAD5A1500C66134"
            BuildableName = "Crisis Connect.app"
            BlueprintName = "Crisis Connect"
            ReferencedContainer = "container:Crisis Connect.xcodeproj">
         </BuildableReference>
      </BuildableProductRunnable>
   </ProfileAction>
   <AnalyzeAction
      buildConfiguration = "Debug">
   </AnalyzeAction>
   <ArchiveAction
      buildConfiguration = "Release"
      revealArchiveInOrganizer = "YES">
   </ArchiveAction>
</Scheme>
