// !$*UTF8*$!
{
	archiveVersion = 1;
	classes = {
	};
	objectVersion = 77;
	objects = {

/* Begin PBXBuildFile section */
		1EE2249B2F05A2C9001F755A /* FirebaseAuth in Frameworks */ = {isa = PBXBuildFile; productRef = 1EE2249A2F05A2C9001F755A /* FirebaseAuth */; };
		1EE2249D2F05A2C9001F755A /* FirebaseCore in Frameworks */ = {isa = PBXBuildFile; productRef = 1EE2249C2F05A2C9001F755A /* FirebaseCore */; };
		1EE2249F2F05A2C9001F755A /* FirebaseFirestore in Frameworks */ = {isa = PBXBuildFile; productRef = 1EE2249E2F05A2C9001F755A /* FirebaseFirestore */; };
		1EE224A12F05A2C9001F755A /* FirebaseFunctions in Frameworks */ = {isa = PBXBuildFile; productRef = 1EE224A02F05A2C9001F755A /* FirebaseFunctions */; };
		1EE224B12F05A2C9001F755A /* FirebaseMessaging in Frameworks */ = {isa = PBXBuildFile; productRef = 1EE224B02F05A2C9001F755A /* FirebaseMessaging */; };
		1EE224C22F05A2C9001F755A /* WebRTC in Frameworks */ = {isa = PBXBuildFile; productRef = 1EE224C12F05A2C9001F755A /* WebRTC */; };
		1EE224D12F05A2C9001F755A /* FirebaseStorage in Frameworks */ = {isa = PBXBuildFile; productRef = 1EE224D02F05A2C9001F755A /* FirebaseStorage */; };
		1EE224E12F05A2C9001F755A /* OrangeMlsWorker.xcframework in Frameworks */ = {isa = PBXBuildFile; fileRef = 1EE224E02F05A2C9001F755A /* OrangeMlsWorker.xcframework */; };
		2A1F5F3A8F7C4B1282C0D001 /* GoogleSignIn in Frameworks */ = {isa = PBXBuildFile; productRef = 2A1F5F3A8F7C4B1282C0D002 /* GoogleSignIn */; };
		2A1F5F3A8F7C4B1282C0D005 /* FirebaseAppCheck in Frameworks */ = {isa = PBXBuildFile; productRef = 2A1F5F3A8F7C4B1282C0D004 /* FirebaseAppCheck */; };
		2A1F5F3A8F7C4B1282C0D009 /* FirebaseCrashlytics in Frameworks */ = {isa = PBXBuildFile; productRef = 2A1F5F3A8F7C4B1282C0D008 /* FirebaseCrashlytics */; };
		2A1F5F3A8F7C4B1282C0D00A /* FirebaseAnalytics in Frameworks */ = {isa = PBXBuildFile; productRef = 2A1F5F3A8F7C4B1282C0D00B /* FirebaseAnalytics */; };
		3C6B57232F12A10100C5E4A1 /* LiteRTLM in Frameworks */ = {isa = PBXBuildFile; productRef = 3C6B57222F12A10100C5E4A1 /* LiteRTLM */; };
		4D7C68332F12A10100D6F5B3 /* LibSignalClient in Frameworks */ = {isa = PBXBuildFile; productRef = 4D7C68322F12A10100D6F5B2 /* LibSignalClient */; };
		5BCE3716C9D3048E664CBA45 /* SampleHandler.swift in Sources */ = {isa = PBXBuildFile; fileRef = 57A7C58256810A58F1EF8775 /* SampleHandler.swift */; };
		7437E9CF701C5044CB6616A3 /* CrisisConnectBroadcast.appex in Embed App Extensions */ = {isa = PBXBuildFile; fileRef = 7DA889A167865590463323F1 /* CrisisConnectBroadcast.appex */; settings = {ATTRIBUTES = (CodeSignOnCopy, RemoveHeadersOnCopy, ); }; };
		80AEDB3EF45F4512201D9689 /* Foundation.framework in Frameworks */ = {isa = PBXBuildFile; fileRef = 7885A0E5520CE50FE31759D9 /* Foundation.framework */; };
		9BE6AB9CEB0DC5A075D70A02 /* BroadcastFrameClient.swift in Sources */ = {isa = PBXBuildFile; fileRef = F5BCA632D59FFA8F0AD03276 /* BroadcastFrameClient.swift */; };
		CC71D6E7000000000000000A /* CrisisConnectWidgets.appex in Embed App Extensions */ = {isa = PBXBuildFile; fileRef = CC71D6E70000000000000001 /* CrisisConnectWidgets.appex */; settings = {ATTRIBUTES = (CodeSignOnCopy, RemoveHeadersOnCopy, ); }; };
		CC71D6E7000000000000000F /* DisasterModels.swift in Sources */ = {isa = PBXBuildFile; fileRef = CC71D6E7000000000000000D /* DisasterModels.swift */; };
		CC71D6E70000000000000010 /* DisasterRepository.swift in Sources */ = {isa = PBXBuildFile; fileRef = CC71D6E7000000000000000E /* DisasterRepository.swift */; };
		CC71D6E70000000000000013 /* WidgetSharedState.swift in Sources */ = {isa = PBXBuildFile; fileRef = CC71D6E70000000000000012 /* WidgetSharedState.swift */; };
		CC71D6E70000000000000015 /* SosActivityAttributes.swift in Sources */ = {isa = PBXBuildFile; fileRef = CC71D6E70000000000000014 /* SosActivityAttributes.swift */; };
/* End PBXBuildFile section */

/* Begin PBXContainerItemProxy section */
		1E7EE2382EAD5A1700C66134 /* PBXContainerItemProxy */ = {
			isa = PBXContainerItemProxy;
			containerPortal = 1E7EE2202EAD5A1500C66134 /* Project object */;
			proxyType = 1;
			remoteGlobalIDString = 1E7EE2272EAD5A1500C66134;
			remoteInfo = "Crisis Connect";
		};
		1E7EE2422EAD5A1700C66134 /* PBXContainerItemProxy */ = {
			isa = PBXContainerItemProxy;
			containerPortal = 1E7EE2202EAD5A1500C66134 /* Project object */;
			proxyType = 1;
			remoteGlobalIDString = 1E7EE2272EAD5A1500C66134;
			remoteInfo = "Crisis Connect";
		};
		A934E556258F7744A24452E5 /* PBXContainerItemProxy */ = {
			isa = PBXContainerItemProxy;
			containerPortal = 1E7EE2202EAD5A1500C66134 /* Project object */;
			proxyType = 1;
			remoteGlobalIDString = 2CE81A77B61D30067385668F;
			remoteInfo = CrisisConnectBroadcast;
		};
		CC71D6E7000000000000000B /* PBXContainerItemProxy */ = {
			isa = PBXContainerItemProxy;
			containerPortal = 1E7EE2202EAD5A1500C66134 /* Project object */;
			proxyType = 1;
			remoteGlobalIDString = CC71D6E70000000000000002;
			remoteInfo = CrisisConnectWidgets;
		};
/* End PBXContainerItemProxy section */

/* Begin PBXCopyFilesBuildPhase section */
		EDE21CF5F516D16D4D102E2E /* Embed App Extensions */ = {
			isa = PBXCopyFilesBuildPhase;
			buildActionMask = 2147483647;
			dstPath = "";
			dstSubfolderSpec = 13;
			files = (
				7437E9CF701C5044CB6616A3 /* CrisisConnectBroadcast.appex in Embed App Extensions */,
				CC71D6E7000000000000000A /* CrisisConnectWidgets.appex in Embed App Extensions */,
			);
			name = "Embed App Extensions";
			runOnlyForDeploymentPostprocessing = 0;
		};
/* End PBXCopyFilesBuildPhase section */

/* Begin PBXFileReference section */
		1E7EE2282EAD5A1500C66134 /* Crisis Connect.app */ = {isa = PBXFileReference; explicitFileType = wrapper.application; includeInIndex = 0; path = "Crisis Connect.app"; sourceTree = BUILT_PRODUCTS_DIR; };
		1E7EE2372EAD5A1700C66134 /* Crisis ConnectTests.xctest */ = {isa = PBXFileReference; explicitFileType = wrapper.cfbundle; includeInIndex = 0; path = "Crisis ConnectTests.xctest"; sourceTree = BUILT_PRODUCTS_DIR; };
		1E7EE2412EAD5A1700C66134 /* Crisis ConnectUITests.xctest */ = {isa = PBXFileReference; explicitFileType = wrapper.cfbundle; includeInIndex = 0; path = "Crisis ConnectUITests.xctest"; sourceTree = BUILT_PRODUCTS_DIR; };
		1EE224E02F05A2C9001F755A /* OrangeMlsWorker.xcframework */ = {isa = PBXFileReference; lastKnownFileType = wrapper.xcframework; name = OrangeMlsWorker.xcframework; path = Frameworks/OrangeMlsWorker.xcframework; sourceTree = "<group>"; };
		57A7C58256810A58F1EF8775 /* SampleHandler.swift */ = {isa = PBXFileReference; includeInIndex = 1; lastKnownFileType = sourcecode.swift; path = SampleHandler.swift; sourceTree = "<group>"; };
		7885A0E5520CE50FE31759D9 /* Foundation.framework */ = {isa = PBXFileReference; lastKnownFileType = wrapper.framework; name = Foundation.framework; path = Platforms/iPhoneOS.platform/Developer/SDKs/iPhoneOS26.0.sdk/System/Library/Frameworks/Foundation.framework; sourceTree = DEVELOPER_DIR; };
		7DA889A167865590463323F1 /* CrisisConnectBroadcast.appex */ = {isa = PBXFileReference; explicitFileType = "wrapper.app-extension"; includeInIndex = 0; path = CrisisConnectBroadcast.appex; sourceTree = BUILT_PRODUCTS_DIR; };
		AD4E06720EC68CE37BDFA922 /* Info.plist */ = {isa = PBXFileReference; includeInIndex = 1; lastKnownFileType = text.plist.xml; path = Info.plist; sourceTree = "<group>"; };
		CC71D6E70000000000000001 /* CrisisConnectWidgets.appex */ = {isa = PBXFileReference; explicitFileType = "wrapper.app-extension"; includeInIndex = 0; path = CrisisConnectWidgets.appex; sourceTree = BUILT_PRODUCTS_DIR; };
		CC71D6E7000000000000000D /* DisasterModels.swift */ = {isa = PBXFileReference; includeInIndex = 1; lastKnownFileType = sourcecode.swift; name = DisasterModels.swift; path = "Crisis Connect/Features/RecentDisasters/DisasterModels.swift"; sourceTree = "<group>"; };
		CC71D6E7000000000000000E /* DisasterRepository.swift */ = {isa = PBXFileReference; includeInIndex = 1; lastKnownFileType = sourcecode.swift; name = DisasterRepository.swift; path = "Crisis Connect/Features/RecentDisasters/DisasterRepository.swift"; sourceTree = "<group>"; };
		CC71D6E70000000000000012 /* WidgetSharedState.swift */ = {isa = PBXFileReference; includeInIndex = 1; lastKnownFileType = sourcecode.swift; name = WidgetSharedState.swift; path = "Crisis Connect/Shared/Utilities/WidgetSharedState.swift"; sourceTree = "<group>"; };
		CC71D6E70000000000000014 /* SosActivityAttributes.swift */ = {isa = PBXFileReference; includeInIndex = 1; lastKnownFileType = sourcecode.swift; name = SosActivityAttributes.swift; path = "Crisis Connect/Shared/Utilities/SosActivityAttributes.swift"; sourceTree = "<group>"; };
		F5BCA632D59FFA8F0AD03276 /* BroadcastFrameClient.swift */ = {isa = PBXFileReference; includeInIndex = 1; lastKnownFileType = sourcecode.swift; path = BroadcastFrameClient.swift; sourceTree = "<group>"; };
/* End PBXFileReference section */

/* Begin PBXFileSystemSynchronizedRootGroup section */
		1E7EE22A2EAD5A1500C66134 /* Crisis Connect */ = {
			isa = PBXFileSystemSynchronizedRootGroup;
			path = "Crisis Connect";
			sourceTree = "<group>";
		};
		1E7EE23A2EAD5A1700C66134 /* Crisis ConnectTests */ = {
			isa = PBXFileSystemSynchronizedRootGroup;
			path = "Crisis ConnectTests";
			sourceTree = "<group>";
		};
		1E7EE2442EAD5A1700C66134 /* Crisis ConnectUITests */ = {
			isa = PBXFileSystemSynchronizedRootGroup;
			path = "Crisis ConnectUITests";
			sourceTree = "<group>";
		};
		CC71D6E70000000000000009 /* WidgetExtension */ = {
			isa = PBXFileSystemSynchronizedRootGroup;
			path = WidgetExtension;
			sourceTree = "<group>";
		};
/* End PBXFileSystemSynchronizedRootGroup section */

/* Begin PBXFrameworksBuildPhase section */
		1E7EE2252EAD5A1500C66134 /* Frameworks */ = {
			isa = PBXFrameworksBuildPhase;
			buildActionMask = 2147483647;
			files = (
				2A1F5F3A8F7C4B1282C0D005 /* FirebaseAppCheck in Frameworks */,
				2A1F5F3A8F7C4B1282C0D009 /* FirebaseCrashlytics in Frameworks */,
				2A1F5F3A8F7C4B1282C0D00A /* FirebaseAnalytics in Frameworks */,
				1EE2249D2F05A2C9001F755A /* FirebaseCore in Frameworks */,
				1EE2249B2F05A2C9001F755A /* FirebaseAuth in Frameworks */,
				1EE2249F2F05A2C9001F755A /* FirebaseFirestore in Frameworks */,
				1EE224A12F05A2C9001F755A /* FirebaseFunctions in Frameworks */,
				1EE224B12F05A2C9001F755A /* FirebaseMessaging in Frameworks */,
				1EE224D12F05A2C9001F755A /* FirebaseStorage in Frameworks */,
				1EE224E12F05A2C9001F755A /* OrangeMlsWorker.xcframework in Frameworks */,
				1EE224C22F05A2C9001F755A /* WebRTC in Frameworks */,
				2A1F5F3A8F7C4B1282C0D001 /* GoogleSignIn in Frameworks */,
				3C6B57232F12A10100C5E4A1 /* LiteRTLM in Frameworks */,
				4D7C68332F12A10100D6F5B3 /* LibSignalClient in Frameworks */,
			);
			runOnlyForDeploymentPostprocessing = 0;
		};
		1E7EE2342EAD5A1700C66134 /* Frameworks */ = {
			isa = PBXFrameworksBuildPhase;
			buildActionMask = 2147483647;
			files = (
			);
			runOnlyForDeploymentPostprocessing = 0;
		};
		1E7EE23E2EAD5A1700C66134 /* Frameworks */ = {
			isa = PBXFrameworksBuildPhase;
			buildActionMask = 2147483647;
			files = (
			);
			runOnlyForDeploymentPostprocessing = 0;
		};
		CA2271B82E737EAF200A98CD /* Frameworks */ = {
			isa = PBXFrameworksBuildPhase;
			buildActionMask = 2147483647;
			files = (
				80AEDB3EF45F4512201D9689 /* Foundation.framework in Frameworks */,
			);
			runOnlyForDeploymentPostprocessing = 0;
		};
		CC71D6E70000000000000007 /* Frameworks */ = {
			isa = PBXFrameworksBuildPhase;
			buildActionMask = 2147483647;
			files = (
			);
			runOnlyForDeploymentPostprocessing = 0;
		};
/* End PBXFrameworksBuildPhase section */

/* Begin PBXGroup section */
		1E7EE21F2EAD5A1500C66134 = {
			isa = PBXGroup;
			children = (
				1EE224E02F05A2C9001F755A /* OrangeMlsWorker.xcframework */,
				1E7EE22A2EAD5A1500C66134 /* Crisis Connect */,
				1E7EE23A2EAD5A1700C66134 /* Crisis ConnectTests */,
				1E7EE2442EAD5A1700C66134 /* Crisis ConnectUITests */,
				1E7EE2292EAD5A1500C66134 /* Products */,
				442789967E4F79E384AD4824 /* Frameworks */,
				E4CC3C59DABD6F169DBF3BB7 /* CrisisConnectBroadcast */,
				CC71D6E70000000000000009 /* WidgetExtension */,
				CC71D6E70000000000000011 /* WidgetShared */,
			);
			sourceTree = "<group>";
		};
		1E7EE2292EAD5A1500C66134 /* Products */ = {
			isa = PBXGroup;
			children = (
				1E7EE2282EAD5A1500C66134 /* Crisis Connect.app */,
				1E7EE2372EAD5A1700C66134 /* Crisis ConnectTests.xctest */,
				1E7EE2412EAD5A1700C66134 /* Crisis ConnectUITests.xctest */,
				7DA889A167865590463323F1 /* CrisisConnectBroadcast.appex */,
				CC71D6E70000000000000001 /* CrisisConnectWidgets.appex */,
			);
			name = Products;
			sourceTree = "<group>";
		};
		442789967E4F79E384AD4824 /* Frameworks */ = {
			isa = PBXGroup;
			children = (
				45205945768F1577C65D23F2 /* iOS */,
			);
			name = Frameworks;
			sourceTree = "<group>";
		};
		45205945768F1577C65D23F2 /* iOS */ = {
			isa = PBXGroup;
			children = (
				7885A0E5520CE50FE31759D9 /* Foundation.framework */,
			);
			name = iOS;
			sourceTree = "<group>";
		};
		CC71D6E70000000000000011 /* WidgetShared */ = {
			isa = PBXGroup;
			children = (
				CC71D6E7000000000000000D /* DisasterModels.swift */,
				CC71D6E7000000000000000E /* DisasterRepository.swift */,
				CC71D6E70000000000000012 /* WidgetSharedState.swift */,
				CC71D6E70000000000000014 /* SosActivityAttributes.swift */,
			);
			name = WidgetShared;
			sourceTree = "<group>";
		};
		E4CC3C59DABD6F169DBF3BB7 /* CrisisConnectBroadcast */ = {
			isa = PBXGroup;
			children = (
				57A7C58256810A58F1EF8775 /* SampleHandler.swift */,
				F5BCA632D59FFA8F0AD03276 /* BroadcastFrameClient.swift */,
				AD4E06720EC68CE37BDFA922 /* Info.plist */,
			);
			name = CrisisConnectBroadcast;
			path = BroadcastExtension;
			sourceTree = "<group>";
		};
/* End PBXGroup section */

/* Begin PBXNativeTarget section */
		1E7EE2272EAD5A1500C66134 /* Crisis Connect */ = {
			isa = PBXNativeTarget;
			buildConfigurationList = 1E7EE24B2EAD5A1700C66134 /* Build configuration list for PBXNativeTarget "Crisis Connect" */;
			buildPhases = (
				1E7EE2242EAD5A1500C66134 /* Sources */,
				1E7EE2252EAD5A1500C66134 /* Frameworks */,
				1E7EE2262EAD5A1500C66134 /* Resources */,
				EDE21CF5F516D16D4D102E2E /* Embed App Extensions */,
			);
			buildRules = (
			);
			dependencies = (
				3BD01FDA62DCE15A3F8FDF27 /* PBXTargetDependency */,
				CC71D6E7000000000000000C /* PBXTargetDependency */,
			);
			fileSystemSynchronizedGroups = (
				1E7EE22A2EAD5A1500C66134 /* Crisis Connect */,
			);
			name = "Crisis Connect";
			packageProductDependencies = (
				2A1F5F3A8F7C4B1282C0D004 /* FirebaseAppCheck */,
				2A1F5F3A8F7C4B1282C0D008 /* FirebaseCrashlytics */,
				2A1F5F3A8F7C4B1282C0D00B /* FirebaseAnalytics */,
				1EE2249A2F05A2C9001F755A /* FirebaseAuth */,
				1EE2249C2F05A2C9001F755A /* FirebaseCore */,
				1EE2249E2F05A2C9001F755A /* FirebaseFirestore */,
				1EE224A02F05A2C9001F755A /* FirebaseFunctions */,
				1EE224B02F05A2C9001F755A /* FirebaseMessaging */,
				1EE224D02F05A2C9001F755A /* FirebaseStorage */,
				1EE224C12F05A2C9001F755A /* WebRTC */,
				2A1F5F3A8F7C4B1282C0D002 /* GoogleSignIn */,
				3C6B57222F12A10100C5E4A1 /* LiteRTLM */,
				4D7C68322F12A10100D6F5B2 /* LibSignalClient */,
			);
			productName = "Crisis Connect";
			productReference = 1E7EE2282EAD5A1500C66134 /* Crisis Connect.app */;
			productType = "com.apple.product-type.application";
		};
		1E7EE2362EAD5A1700C66134 /* Crisis ConnectTests */ = {
			isa = PBXNativeTarget;
			buildConfigurationList = 1E7EE24E2EAD5A1700C66134 /* Build configuration list for PBXNativeTarget "Crisis ConnectTests" */;
			buildPhases = (
				1E7EE2332EAD5A1700C66134 /* Sources */,
				1E7EE2342EAD5A1700C66134 /* Frameworks */,
				1E7EE2352EAD5A1700C66134 /* Resources */,
			);
			buildRules = (
			);
			dependencies = (
				1E7EE2392EAD5A1700C66134 /* PBXTargetDependency */,
			);
			fileSystemSynchronizedGroups = (
				1E7EE23A2EAD5A1700C66134 /* Crisis ConnectTests */,
			);
			name = "Crisis ConnectTests";
			productName = "Crisis ConnectTests";
			productReference = 1E7EE2372EAD5A1700C66134 /* Crisis ConnectTests.xctest */;
			productType = "com.apple.product-type.bundle.unit-test";
		};
		1E7EE2402EAD5A1700C66134 /* Crisis ConnectUITests */ = {
			isa = PBXNativeTarget;
			buildConfigurationList = 1E7EE2512EAD5A1700C66134 /* Build configuration list for PBXNativeTarget "Crisis ConnectUITests" */;
			buildPhases = (
				1E7EE23D2EAD5A1700C66134 /* Sources */,
				1E7EE23E2EAD5A1700C66134 /* Frameworks */,
				1E7EE23F2EAD5A1700C66134 /* Resources */,
			);
			buildRules = (
			);
			dependencies = (
				1E7EE2432EAD5A1700C66134 /* PBXTargetDependency */,
			);
			fileSystemSynchronizedGroups = (
				1E7EE2442EAD5A1700C66134 /* Crisis ConnectUITests */,
			);
			name = "Crisis ConnectUITests";
			productName = "Crisis ConnectUITests";
			productReference = 1E7EE2412EAD5A1700C66134 /* Crisis ConnectUITests.xctest */;
			productType = "com.apple.product-type.bundle.ui-testing";
		};
		2CE81A77B61D30067385668F /* CrisisConnectBroadcast */ = {
			isa = PBXNativeTarget;
			buildConfigurationList = DED627AAA3CF79EDC83E69AC /* Build configuration list for PBXNativeTarget "CrisisConnectBroadcast" */;
			buildPhases = (
				535912E78F1EFFC34E944F93 /* Sources */,
				CA2271B82E737EAF200A98CD /* Frameworks */,
				9ABA6252AE4513A23E1422AC /* Resources */,
			);
			buildRules = (
			);
			dependencies = (
			);
			name = CrisisConnectBroadcast;
			productName = CrisisConnectBroadcast;
			productReference = 7DA889A167865590463323F1 /* CrisisConnectBroadcast.appex */;
			productType = "com.apple.product-type.app-extension";
		};
		CC71D6E70000000000000002 /* CrisisConnectWidgets */ = {
			isa = PBXNativeTarget;
			buildConfigurationList = CC71D6E70000000000000005 /* Build configuration list for PBXNativeTarget "CrisisConnectWidgets" */;
			buildPhases = (
				CC71D6E70000000000000006 /* Sources */,
				CC71D6E70000000000000007 /* Frameworks */,
				CC71D6E70000000000000008 /* Resources */,
			);
			buildRules = (
			);
			dependencies = (
			);
			fileSystemSynchronizedGroups = (
				CC71D6E70000000000000009 /* WidgetExtension */,
			);
			name = CrisisConnectWidgets;
			productName = CrisisConnectWidgets;
			productReference = CC71D6E70000000000000001 /* CrisisConnectWidgets.appex */;
			productType = "com.apple.product-type.app-extension";
		};
/* End PBXNativeTarget section */

/* Begin PBXProject section */
		1E7EE2202EAD5A1500C66134 /* Project object */ = {
			isa = PBXProject;
			attributes = {
				BuildIndependentTargetsInParallel = 1;
				LastSwiftUpdateCheck = 2600;
				LastUpgradeCheck = 2610;
				TargetAttributes = {
					1E7EE2272EAD5A1500C66134 = {
						CreatedOnToolsVersion = 26.0.1;
					};
					1E7EE2362EAD5A1700C66134 = {
						CreatedOnToolsVersion = 26.0.1;
						TestTargetID = 1E7EE2272EAD5A1500C66134;
					};
					1E7EE2402EAD5A1700C66134 = {
						CreatedOnToolsVersion = 26.0.1;
						TestTargetID = 1E7EE2272EAD5A1500C66134;
					};
				};
			};
			buildConfigurationList = 1E7EE2232EAD5A1500C66134 /* Build configuration list for PBXProject "Crisis Connect" */;
			developmentRegion = en;
			hasScannedForEncodings = 0;
			knownRegions = (
				en,
				tr,
				ja,
				Base,
				ar,
				bn,
				de,
				es,
				fa,
				fil,
				fr,
				hi,
				id,
				ku,
				pt,
				ru,
				ur,
				uk,
				zh,
				vi,
			);
			mainGroup = 1E7EE21F2EAD5A1500C66134;
			minimizedProjectReferenceProxies = 1;
			packageReferences = (
				1EE224992F05A2C9001F755A /* XCRemoteSwiftPackageReference "firebase-ios-sdk" */,
				1EE224C02F05A2C9001F755A /* XCRemoteSwiftPackageReference "WebRTC" */,
				2A1F5F3A8F7C4B1282C0D003 /* XCRemoteSwiftPackageReference "GoogleSignIn-iOS" */,
				3C6B57212F12A10100C5E4A1 /* XCLocalSwiftPackageReference "Packages/LiteRT-LM" */,
				4D7C68312F12A10100D6F5B1 /* XCLocalSwiftPackageReference "Packages/LibSignalClient" */,
			);
			preferredProjectObjectVersion = 77;
			productRefGroup = 1E7EE2292EAD5A1500C66134 /* Products */;
			projectDirPath = "";
			projectRoot = "";
			targets = (
				1E7EE2272EAD5A1500C66134 /* Crisis Connect */,
				1E7EE2362EAD5A1700C66134 /* Crisis ConnectTests */,
				1E7EE2402EAD5A1700C66134 /* Crisis ConnectUITests */,
				2CE81A77B61D30067385668F /* CrisisConnectBroadcast */,
				CC71D6E70000000000000002 /* CrisisConnectWidgets */,
			);
		};
/* End PBXProject section */

/* Begin PBXResourcesBuildPhase section */
		1E7EE2262EAD5A1500C66134 /* Resources */ = {
			isa = PBXResourcesBuildPhase;
			buildActionMask = 2147483647;
			files = (
			);
			runOnlyForDeploymentPostprocessing = 0;
		};
		1E7EE2352EAD5A1700C66134 /* Resources */ = {
			isa = PBXResourcesBuildPhase;
			buildActionMask = 2147483647;
			files = (
			);
			runOnlyForDeploymentPostprocessing = 0;
		};
		1E7EE23F2EAD5A1700C66134 /* Resources */ = {
			isa = PBXResourcesBuildPhase;
			buildActionMask = 2147483647;
			files = (
			);
			runOnlyForDeploymentPostprocessing = 0;
		};
		9ABA6252AE4513A23E1422AC /* Resources */ = {
			isa = PBXResourcesBuildPhase;
			buildActionMask = 2147483647;
			files = (
			);
			runOnlyForDeploymentPostprocessing = 0;
		};
		CC71D6E70000000000000008 /* Resources */ = {
			isa = PBXResourcesBuildPhase;
			buildActionMask = 2147483647;
			files = (
			);
			runOnlyForDeploymentPostprocessing = 0;
		};
/* End PBXResourcesBuildPhase section */

/* Begin PBXSourcesBuildPhase section */
		1E7EE2242EAD5A1500C66134 /* Sources */ = {
			isa = PBXSourcesBuildPhase;
			buildActionMask = 2147483647;
			files = (
			);
			runOnlyForDeploymentPostprocessing = 0;
		};
		1E7EE2332EAD5A1700C66134 /* Sources */ = {
			isa = PBXSourcesBuildPhase;
			buildActionMask = 2147483647;
			files = (
			);
			runOnlyForDeploymentPostprocessing = 0;
		};
		1E7EE23D2EAD5A1700C66134 /* Sources */ = {
			isa = PBXSourcesBuildPhase;
			buildActionMask = 2147483647;
			files = (
			);
			runOnlyForDeploymentPostprocessing = 0;
		};
		535912E78F1EFFC34E944F93 /* Sources */ = {
			isa = PBXSourcesBuildPhase;
			buildActionMask = 2147483647;
			files = (
				5BCE3716C9D3048E664CBA45 /* SampleHandler.swift in Sources */,
				9BE6AB9CEB0DC5A075D70A02 /* BroadcastFrameClient.swift in Sources */,
			);
			runOnlyForDeploymentPostprocessing = 0;
		};
		CC71D6E70000000000000006 /* Sources */ = {
			isa = PBXSourcesBuildPhase;
			buildActionMask = 2147483647;
			files = (
				CC71D6E7000000000000000F /* DisasterModels.swift in Sources */,
				CC71D6E70000000000000010 /* DisasterRepository.swift in Sources */,
				CC71D6E70000000000000013 /* WidgetSharedState.swift in Sources */,
				CC71D6E70000000000000015 /* SosActivityAttributes.swift in Sources */,
			);
			runOnlyForDeploymentPostprocessing = 0;
		};
/* End PBXSourcesBuildPhase section */

/* Begin PBXTargetDependency section */
		1E7EE2392EAD5A1700C66134 /* PBXTargetDependency */ = {
			isa = PBXTargetDependency;
			target = 1E7EE2272EAD5A1500C66134 /* Crisis Connect */;
			targetProxy = 1E7EE2382EAD5A1700C66134 /* PBXContainerItemProxy */;
		};
		1E7EE2432EAD5A1700C66134 /* PBXTargetDependency */ = {
			isa = PBXTargetDependency;
			target = 1E7EE2272EAD5A1500C66134 /* Crisis Connect */;
			targetProxy = 1E7EE2422EAD5A1700C66134 /* PBXContainerItemProxy */;
		};
		3BD01FDA62DCE15A3F8FDF27 /* PBXTargetDependency */ = {
			isa = PBXTargetDependency;
			name = CrisisConnectBroadcast;
			target = 2CE81A77B61D30067385668F /* CrisisConnectBroadcast */;
			targetProxy = A934E556258F7744A24452E5 /* PBXContainerItemProxy */;
		};
		CC71D6E7000000000000000C /* PBXTargetDependency */ = {
			isa = PBXTargetDependency;
			name = CrisisConnectWidgets;
			target = CC71D6E70000000000000002 /* CrisisConnectWidgets */;
			targetProxy = CC71D6E7000000000000000B /* PBXContainerItemProxy */;
		};
/* End PBXTargetDependency section */

/* Begin XCBuildConfiguration section */
		1E7EE2492EAD5A1700C66134 /* Debug */ = {
			isa = XCBuildConfiguration;
			buildSettings = {
				ALWAYS_SEARCH_USER_PATHS = NO;
				ASSETCATALOG_COMPILER_GENERATE_SWIFT_ASSET_SYMBOL_EXTENSIONS = YES;
				CLANG_ANALYZER_LOCALIZABILITY_NONLOCALIZED = YES;
				CLANG_ANALYZER_NONNULL = YES;
				CLANG_ANALYZER_NUMBER_OBJECT_CONVERSION = YES_AGGRESSIVE;
				CLANG_CXX_LANGUAGE_STANDARD = "gnu++20";
				CLANG_ENABLE_MODULES = YES;
				CLANG_ENABLE_OBJC_ARC = YES;
				CLANG_ENABLE_OBJC_WEAK = YES;
				CLANG_WARN_BLOCK_CAPTURE_AUTORELEASING = YES;
				CLANG_WARN_BOOL_CONVERSION = YES;
				CLANG_WARN_COMMA = YES;
				CLANG_WARN_CONSTANT_CONVERSION = YES;
				CLANG_WARN_DEPRECATED_OBJC_IMPLEMENTATIONS = YES;
				CLANG_WARN_DIRECT_OBJC_ISA_USAGE = YES_ERROR;
				CLANG_WARN_DOCUMENTATION_COMMENTS = YES;
				CLANG_WARN_EMPTY_BODY = YES;
				CLANG_WARN_ENUM_CONVERSION = YES;
				CLANG_WARN_INFINITE_RECURSION = YES;
				CLANG_WARN_INT_CONVERSION = YES;
				CLANG_WARN_NON_LITERAL_NULL_CONVERSION = YES;
				CLANG_WARN_OBJC_IMPLICIT_RETAIN_SELF = YES;
				CLANG_WARN_OBJC_LITERAL_CONVERSION = YES;
				CLANG_WARN_OBJC_ROOT_CLASS = YES_ERROR;
				CLANG_WARN_QUOTED_INCLUDE_IN_FRAMEWORK_HEADER = YES;
				CLANG_WARN_RANGE_LOOP_ANALYSIS = YES;
				CLANG_WARN_STRICT_PROTOTYPES = YES;
				CLANG_WARN_SUSPICIOUS_MOVE = YES;
				CLANG_WARN_UNGUARDED_AVAILABILITY = YES_AGGRESSIVE;
				CLANG_WARN_UNREACHABLE_CODE = YES;
				CLANG_WARN__DUPLICATE_METHOD_MATCH = YES;
				COPY_PHASE_STRIP = NO;
				DEBUG_INFORMATION_FORMAT = dwarf;
				ENABLE_STRICT_OBJC_MSGSEND = YES;
				ENABLE_TESTABILITY = YES;
				ENABLE_USER_SCRIPT_SANDBOXING = YES;
				GCC_C_LANGUAGE_STANDARD = gnu17;
				GCC_DYNAMIC_NO_PIC = NO;
				GCC_NO_COMMON_BLOCKS = YES;
				GCC_OPTIMIZATION_LEVEL = 0;
				GCC_PREPROCESSOR_DEFINITIONS = (
					"DEBUG=1",
					"$(inherited)",
				);
				GCC_WARN_64_TO_32_BIT_CONVERSION = YES;
				GCC_WARN_ABOUT_RETURN_TYPE = YES_ERROR;
				GCC_WARN_UNDECLARED_SELECTOR = YES;
				GCC_WARN_UNINITIALIZED_AUTOS = YES_AGGRESSIVE;
				GCC_WARN_UNUSED_FUNCTION = YES;
				GCC_WARN_UNUSED_VARIABLE = YES;
				IPHONEOS_DEPLOYMENT_TARGET = 17.0;
				LOCALIZATION_PREFERS_STRING_CATALOGS = YES;
				MTL_ENABLE_DEBUG_INFO = INCLUDE_SOURCE;
				MTL_FAST_MATH = YES;
				ONLY_ACTIVE_ARCH = YES;
				SDKROOT = iphoneos;
				STRING_CATALOG_GENERATE_SYMBOLS = YES;
				SWIFT_ACTIVE_COMPILATION_CONDITIONS = "DEBUG $(inherited)";
				SWIFT_OPTIMIZATION_LEVEL = "-Onone";
			};
			name = Debug;
		};
		1E7EE24A2EAD5A1700C66134 /* Release */ = {
			isa = XCBuildConfiguration;
			buildSettings = {
				ALWAYS_SEARCH_USER_PATHS = NO;
				ASSETCATALOG_COMPILER_GENERATE_SWIFT_ASSET_SYMBOL_EXTENSIONS = YES;
				CLANG_ANALYZER_LOCALIZABILITY_NONLOCALIZED = YES;
				CLANG_ANALYZER_NONNULL = YES;
				CLANG_ANALYZER_NUMBER_OBJECT_CONVERSION = YES_AGGRESSIVE;
				CLANG_CXX_LANGUAGE_STANDARD = "gnu++20";
				CLANG_ENABLE_MODULES = YES;
				CLANG_ENABLE_OBJC_ARC = YES;
				CLANG_ENABLE_OBJC_WEAK = YES;
				CLANG_WARN_BLOCK_CAPTURE_AUTORELEASING = YES;
				CLANG_WARN_BOOL_CONVERSION = YES;
				CLANG_WARN_COMMA = YES;
				CLANG_WARN_CONSTANT_CONVERSION = YES;
				CLANG_WARN_DEPRECATED_OBJC_IMPLEMENTATIONS = YES;
				CLANG_WARN_DIRECT_OBJC_ISA_USAGE = YES_ERROR;
				CLANG_WARN_DOCUMENTATION_COMMENTS = YES;
				CLANG_WARN_EMPTY_BODY = YES;
				CLANG_WARN_ENUM_CONVERSION = YES;
				CLANG_WARN_INFINITE_RECURSION = YES;
				CLANG_WARN_INT_CONVERSION = YES;
				CLANG_WARN_NON_LITERAL_NULL_CONVERSION = YES;
				CLANG_WARN_OBJC_IMPLICIT_RETAIN_SELF = YES;
				CLANG_WARN_OBJC_LITERAL_CONVERSION = YES;
				CLANG_WARN_OBJC_ROOT_CLASS = YES_ERROR;
				CLANG_WARN_QUOTED_INCLUDE_IN_FRAMEWORK_HEADER = YES;
				CLANG_WARN_RANGE_LOOP_ANALYSIS = YES;
				CLANG_WARN_STRICT_PROTOTYPES = YES;
				CLANG_WARN_SUSPICIOUS_MOVE = YES;
				CLANG_WARN_UNGUARDED_AVAILABILITY = YES_AGGRESSIVE;
				CLANG_WARN_UNREACHABLE_CODE = YES;
				CLANG_WARN__DUPLICATE_METHOD_MATCH = YES;
				COPY_PHASE_STRIP = NO;
				DEBUG_INFORMATION_FORMAT = "dwarf-with-dsym";
				ENABLE_NS_ASSERTIONS = NO;
				ENABLE_STRICT_OBJC_MSGSEND = YES;
				ENABLE_USER_SCRIPT_SANDBOXING = YES;
				GCC_C_LANGUAGE_STANDARD = gnu17;
				GCC_NO_COMMON_BLOCKS = YES;
				GCC_WARN_64_TO_32_BIT_CONVERSION = YES;
				GCC_WARN_ABOUT_RETURN_TYPE = YES_ERROR;
				GCC_WARN_UNDECLARED_SELECTOR = YES;
				GCC_WARN_UNINITIALIZED_AUTOS = YES_AGGRESSIVE;
				GCC_WARN_UNUSED_FUNCTION = YES;
				GCC_WARN_UNUSED_VARIABLE = YES;
				IPHONEOS_DEPLOYMENT_TARGET = 17.0;
				LOCALIZATION_PREFERS_STRING_CATALOGS = YES;
				MTL_ENABLE_DEBUG_INFO = NO;
				MTL_FAST_MATH = YES;
				SDKROOT = iphoneos;
				STRING_CATALOG_GENERATE_SYMBOLS = YES;
				SWIFT_COMPILATION_MODE = wholemodule;
				VALIDATE_PRODUCT = YES;
			};
			name = Release;
		};
		1E7EE24C2EAD5A1700C66134 /* Debug */ = {
			isa = XCBuildConfiguration;
			buildSettings = {
				APP_ATTEST_ENVIRONMENT = production;
				ASSETCATALOG_COMPILER_APPICON_NAME = AppIcon;
				ASSETCATALOG_COMPILER_GLOBAL_ACCENT_COLOR_NAME = AccentColor;
				CODE_SIGN_ENTITLEMENTS = Config/CrisisConnect.entitlements;
				CODE_SIGN_STYLE = Automatic;
				CURRENT_PROJECT_VERSION = 36;
				DEVELOPMENT_TEAM = XY9479JQWV;
				ENABLE_DEBUG_DYLIB = NO;
				ENABLE_PREVIEWS = YES;
				GENERATE_INFOPLIST_FILE = NO;
				INFOPLIST_FILE = Config/Info.plist;
				LD_RUNPATH_SEARCH_PATHS = (
					"$(inherited)",
					"@executable_path/Frameworks",
				);
				MARKETING_VERSION = 1.1.9;
				PRODUCT_BUNDLE_IDENTIFIER = com.auralis.crisisconnect;
				PRODUCT_NAME = "$(TARGET_NAME)";
				STRING_CATALOG_GENERATE_SYMBOLS = YES;
				SUPPORTS_MAC_DESIGNED_FOR_IPHONE_IPAD = NO;
				SUPPORTS_XR_DESIGNED_FOR_IPHONE_IPAD = NO;
				SWIFT_EMIT_LOC_STRINGS = YES;
				SWIFT_OBJC_BRIDGING_HEADER = "Config/CrisisConnect-Bridging-Header.h";
				SWIFT_UPCOMING_FEATURE_MEMBER_IMPORT_VISIBILITY = YES;
				SWIFT_VERSION = 5.0;
				TARGETED_DEVICE_FAMILY = "1,2";
			};
			name = Debug;
		};
		1E7EE24D2EAD5A1700C66134 /* Release */ = {
			isa = XCBuildConfiguration;
			buildSettings = {
				APP_ATTEST_ENVIRONMENT = production;
				ASSETCATALOG_COMPILER_APPICON_NAME = AppIcon;
				ASSETCATALOG_COMPILER_GLOBAL_ACCENT_COLOR_NAME = AccentColor;
				CODE_SIGN_ENTITLEMENTS = Config/CrisisConnect.entitlements;
				CODE_SIGN_STYLE = Automatic;
				CURRENT_PROJECT_VERSION = 36;
				DEVELOPMENT_TEAM = XY9479JQWV;
				ENABLE_PREVIEWS = YES;
				GENERATE_INFOPLIST_FILE = NO;
				INFOPLIST_FILE = Config/Info.plist;
				LD_RUNPATH_SEARCH_PATHS = (
					"$(inherited)",
					"@executable_path/Frameworks",
				);
				MARKETING_VERSION = 1.1.9;
				PRODUCT_BUNDLE_IDENTIFIER = com.auralis.crisisconnect;
				PRODUCT_NAME = "$(TARGET_NAME)";
				STRING_CATALOG_GENERATE_SYMBOLS = YES;
				SUPPORTS_MAC_DESIGNED_FOR_IPHONE_IPAD = NO;
				SUPPORTS_XR_DESIGNED_FOR_IPHONE_IPAD = NO;
				SWIFT_EMIT_LOC_STRINGS = YES;
				SWIFT_OBJC_BRIDGING_HEADER = "Config/CrisisConnect-Bridging-Header.h";
				SWIFT_UPCOMING_FEATURE_MEMBER_IMPORT_VISIBILITY = YES;
				SWIFT_VERSION = 5.0;
				TARGETED_DEVICE_FAMILY = "1,2";
			};
			name = Release;
		};
		1E7EE24F2EAD5A1700C66134 /* Debug */ = {
			isa = XCBuildConfiguration;
			buildSettings = {
				BUNDLE_LOADER = "$(TEST_HOST)";
				CODE_SIGN_STYLE = Automatic;
				CURRENT_PROJECT_VERSION = 1;
				DEVELOPMENT_TEAM = XY9479JQWV;
				GENERATE_INFOPLIST_FILE = YES;
				IPHONEOS_DEPLOYMENT_TARGET = 17.0;
				MARKETING_VERSION = 1.0.1;
				PRODUCT_BUNDLE_IDENTIFIER = com.auralis.crisisconnectTests;
				PRODUCT_NAME = "$(TARGET_NAME)";
				STRING_CATALOG_GENERATE_SYMBOLS = NO;
				SWIFT_APPROACHABLE_CONCURRENCY = YES;
				SWIFT_EMIT_LOC_STRINGS = NO;
				SWIFT_UPCOMING_FEATURE_MEMBER_IMPORT_VISIBILITY = YES;
				SWIFT_VERSION = 5.0;
				TARGETED_DEVICE_FAMILY = "1,2";
				TEST_HOST = "$(BUILT_PRODUCTS_DIR)/Crisis Connect.app/$(BUNDLE_EXECUTABLE_FOLDER_PATH)/Crisis Connect";
			};
			name = Debug;
		};
		1E7EE2502EAD5A1700C66134 /* Release */ = {
			isa = XCBuildConfiguration;
			buildSettings = {
				BUNDLE_LOADER = "$(TEST_HOST)";
				CODE_SIGN_STYLE = Automatic;
				CURRENT_PROJECT_VERSION = 1;
				DEVELOPMENT_TEAM = XY9479JQWV;
				GENERATE_INFOPLIST_FILE = YES;
				IPHONEOS_DEPLOYMENT_TARGET = 17.0;
				MARKETING_VERSION = 1.0.1;
				PRODUCT_BUNDLE_IDENTIFIER = com.auralis.crisisconnectTests;
				PRODUCT_NAME = "$(TARGET_NAME)";
				STRING_CATALOG_GENERATE_SYMBOLS = NO;
				SWIFT_APPROACHABLE_CONCURRENCY = YES;
				SWIFT_EMIT_LOC_STRINGS = NO;
				SWIFT_UPCOMING_FEATURE_MEMBER_IMPORT_VISIBILITY = YES;
				SWIFT_VERSION = 5.0;
				TARGETED_DEVICE_FAMILY = "1,2";
				TEST_HOST = "$(BUILT_PRODUCTS_DIR)/Crisis Connect.app/$(BUNDLE_EXECUTABLE_FOLDER_PATH)/Crisis Connect";
			};
			name = Release;
		};
		1E7EE2522EAD5A1700C66134 /* Debug */ = {
			isa = XCBuildConfiguration;
			buildSettings = {
				CODE_SIGN_STYLE = Automatic;
				CURRENT_PROJECT_VERSION = 1;
				DEVELOPMENT_TEAM = XY9479JQWV;
				GENERATE_INFOPLIST_FILE = YES;
				MARKETING_VERSION = 1.0.1;
				PRODUCT_BUNDLE_IDENTIFIER = com.auralis.crisisconnectUITests;
				PRODUCT_NAME = "$(TARGET_NAME)";
				STRING_CATALOG_GENERATE_SYMBOLS = NO;
				SUPPORTED_PLATFORMS = "iphoneos iphonesimulator";
				SUPPORTS_MACCATALYST = NO;
				SUPPORTS_MAC_DESIGNED_FOR_IPHONE_IPAD = NO;
				SUPPORTS_XR_DESIGNED_FOR_IPHONE_IPAD = NO;
				SWIFT_APPROACHABLE_CONCURRENCY = YES;
				SWIFT_EMIT_LOC_STRINGS = NO;
				SWIFT_UPCOMING_FEATURE_MEMBER_IMPORT_VISIBILITY = YES;
				SWIFT_VERSION = 5.0;
				TARGETED_DEVICE_FAMILY = "1,2";
				TEST_TARGET_NAME = "Crisis Connect";
			};
			name = Debug;
		};
		1E7EE2532EAD5A1700C66134 /* Release */ = {
			isa = XCBuildConfiguration;
			buildSettings = {
				CODE_SIGN_STYLE = Automatic;
				CURRENT_PROJECT_VERSION = 1;
				DEVELOPMENT_TEAM = XY9479JQWV;
				GENERATE_INFOPLIST_FILE = YES;
				MARKETING_VERSION = 1.0.1;
				PRODUCT_BUNDLE_IDENTIFIER = com.auralis.crisisconnectUITests;
				PRODUCT_NAME = "$(TARGET_NAME)";
				STRING_CATALOG_GENERATE_SYMBOLS = NO;
				SUPPORTED_PLATFORMS = "iphoneos iphonesimulator";
				SUPPORTS_MACCATALYST = NO;
				SUPPORTS_MAC_DESIGNED_FOR_IPHONE_IPAD = NO;
				SUPPORTS_XR_DESIGNED_FOR_IPHONE_IPAD = NO;
				SWIFT_APPROACHABLE_CONCURRENCY = YES;
				SWIFT_EMIT_LOC_STRINGS = NO;
				SWIFT_UPCOMING_FEATURE_MEMBER_IMPORT_VISIBILITY = YES;
				SWIFT_VERSION = 5.0;
				TARGETED_DEVICE_FAMILY = "1,2";
				TEST_TARGET_NAME = "Crisis Connect";
			};
			name = Release;
		};
		416847645DA18E81DF5FDDBB /* Release */ = {
			isa = XCBuildConfiguration;
			buildSettings = {
				CLANG_ENABLE_OBJC_WEAK = NO;
				CODE_SIGN_STYLE = Automatic;
				CURRENT_PROJECT_VERSION = 36;
				DEVELOPMENT_TEAM = XY9479JQWV;
				ENABLE_BITCODE = NO;
				GENERATE_INFOPLIST_FILE = NO;
				INFOPLIST_FILE = BroadcastExtension/Info.plist;
				IPHONEOS_DEPLOYMENT_TARGET = 17.0;
				LD_RUNPATH_SEARCH_PATHS = (
					"$(inherited)",
					"@executable_path/Frameworks",
					"@executable_path/../../Frameworks",
				);
				MARKETING_VERSION = 1.1.9;
				PRODUCT_BUNDLE_IDENTIFIER = com.auralis.crisisconnect.broadcast;
				PRODUCT_NAME = "$(TARGET_NAME)";
				SDKROOT = iphoneos;
				SKIP_INSTALL = YES;
				SWIFT_OPTIMIZATION_LEVEL = "-O";
				SWIFT_VERSION = 5.0;
				TARGETED_DEVICE_FAMILY = "1,2";
				VALIDATE_PRODUCT = YES;
			};
			name = Release;
		};
		8293E2AC11FE0B0F6647CA85 /* Debug */ = {
			isa = XCBuildConfiguration;
			buildSettings = {
				CLANG_ENABLE_OBJC_WEAK = NO;
				CODE_SIGN_STYLE = Automatic;
				CURRENT_PROJECT_VERSION = 36;
				DEVELOPMENT_TEAM = XY9479JQWV;
				ENABLE_BITCODE = NO;
				GENERATE_INFOPLIST_FILE = NO;
				INFOPLIST_FILE = BroadcastExtension/Info.plist;
				IPHONEOS_DEPLOYMENT_TARGET = 17.0;
				LD_RUNPATH_SEARCH_PATHS = (
					"$(inherited)",
					"@executable_path/Frameworks",
					"@executable_path/../../Frameworks",
				);
				MARKETING_VERSION = 1.1.9;
				PRODUCT_BUNDLE_IDENTIFIER = com.auralis.crisisconnect.broadcast;
				PRODUCT_NAME = "$(TARGET_NAME)";
				SDKROOT = iphoneos;
				SKIP_INSTALL = YES;
				SWIFT_OPTIMIZATION_LEVEL = "-Onone";
				SWIFT_VERSION = 5.0;
				TARGETED_DEVICE_FAMILY = "1,2";
			};
			name = Debug;
		};
		CC71D6E70000000000000003 /* Debug */ = {
			isa = XCBuildConfiguration;
			buildSettings = {
				CODE_SIGN_ENTITLEMENTS = Config/CrisisConnectWidgets.entitlements;
				CODE_SIGN_STYLE = Automatic;
				CURRENT_PROJECT_VERSION = 36;
				DEVELOPMENT_TEAM = XY9479JQWV;
				GENERATE_INFOPLIST_FILE = NO;
				INFOPLIST_FILE = Config/CrisisConnectWidgetsInfo.plist;
				IPHONEOS_DEPLOYMENT_TARGET = 17.0;
				LD_RUNPATH_SEARCH_PATHS = (
					"$(inherited)",
					"@executable_path/Frameworks",
					"@executable_path/../../Frameworks",
				);
				MARKETING_VERSION = 1.1.9;
				PRODUCT_BUNDLE_IDENTIFIER = com.auralis.crisisconnect.widgets;
				PRODUCT_NAME = "$(TARGET_NAME)";
				SDKROOT = iphoneos;
				SKIP_INSTALL = YES;
				SWIFT_EMIT_LOC_STRINGS = YES;
				SWIFT_OPTIMIZATION_LEVEL = "-Onone";
				SWIFT_VERSION = 5.0;
				TARGETED_DEVICE_FAMILY = "1,2";
			};
			name = Debug;
		};
		CC71D6E70000000000000004 /* Release */ = {
			isa = XCBuildConfiguration;
			buildSettings = {
				CODE_SIGN_ENTITLEMENTS = Config/CrisisConnectWidgets.entitlements;
				CODE_SIGN_STYLE = Automatic;
				CURRENT_PROJECT_VERSION = 36;
				DEVELOPMENT_TEAM = XY9479JQWV;
				GENERATE_INFOPLIST_FILE = NO;
				INFOPLIST_FILE = Config/CrisisConnectWidgetsInfo.plist;
				IPHONEOS_DEPLOYMENT_TARGET = 17.0;
				LD_RUNPATH_SEARCH_PATHS = (
					"$(inherited)",
					"@executable_path/Frameworks",
					"@executable_path/../../Frameworks",
				);
				MARKETING_VERSION = 1.1.9;
				PRODUCT_BUNDLE_IDENTIFIER = com.auralis.crisisconnect.widgets;
				PRODUCT_NAME = "$(TARGET_NAME)";
				SDKROOT = iphoneos;
				SKIP_INSTALL = YES;
				SWIFT_EMIT_LOC_STRINGS = YES;
				SWIFT_OPTIMIZATION_LEVEL = "-O";
				SWIFT_VERSION = 5.0;
				TARGETED_DEVICE_FAMILY = "1,2";
				VALIDATE_PRODUCT = YES;
			};
			name = Release;
		};
/* End XCBuildConfiguration section */

/* Begin XCConfigurationList section */
		1E7EE2232EAD5A1500C66134 /* Build configuration list for PBXProject "Crisis Connect" */ = {
			isa = XCConfigurationList;
			buildConfigurations = (
				1E7EE2492EAD5A1700C66134 /* Debug */,
				1E7EE24A2EAD5A1700C66134 /* Release */,
			);
			defaultConfigurationIsVisible = 0;
			defaultConfigurationName = Release;
		};
		1E7EE24B2EAD5A1700C66134 /* Build configuration list for PBXNativeTarget "Crisis Connect" */ = {
			isa = XCConfigurationList;
			buildConfigurations = (
				1E7EE24C2EAD5A1700C66134 /* Debug */,
				1E7EE24D2EAD5A1700C66134 /* Release */,
			);
			defaultConfigurationIsVisible = 0;
			defaultConfigurationName = Release;
		};
		1E7EE24E2EAD5A1700C66134 /* Build configuration list for PBXNativeTarget "Crisis ConnectTests" */ = {
			isa = XCConfigurationList;
			buildConfigurations = (
				1E7EE24F2EAD5A1700C66134 /* Debug */,
				1E7EE2502EAD5A1700C66134 /* Release */,
			);
			defaultConfigurationIsVisible = 0;
			defaultConfigurationName = Release;
		};
		1E7EE2512EAD5A1700C66134 /* Build configuration list for PBXNativeTarget "Crisis ConnectUITests" */ = {
			isa = XCConfigurationList;
			buildConfigurations = (
				1E7EE2522EAD5A1700C66134 /* Debug */,
				1E7EE2532EAD5A1700C66134 /* Release */,
			);
			defaultConfigurationIsVisible = 0;
			defaultConfigurationName = Release;
		};
		CC71D6E70000000000000005 /* Build configuration list for PBXNativeTarget "CrisisConnectWidgets" */ = {
			isa = XCConfigurationList;
			buildConfigurations = (
				CC71D6E70000000000000003 /* Debug */,
				CC71D6E70000000000000004 /* Release */,
			);
			defaultConfigurationIsVisible = 0;
			defaultConfigurationName = Release;
		};
		DED627AAA3CF79EDC83E69AC /* Build configuration list for PBXNativeTarget "CrisisConnectBroadcast" */ = {
			isa = XCConfigurationList;
			buildConfigurations = (
				416847645DA18E81DF5FDDBB /* Release */,
				8293E2AC11FE0B0F6647CA85 /* Debug */,
			);
			defaultConfigurationIsVisible = 0;
			defaultConfigurationName = Release;
		};
/* End XCConfigurationList section */

/* Begin XCLocalSwiftPackageReference section */
		3C6B57212F12A10100C5E4A1 /* XCLocalSwiftPackageReference "Packages/LiteRT-LM" */ = {
			isa = XCLocalSwiftPackageReference;
			relativePath = "Packages/LiteRT-LM";
		};
		4D7C68312F12A10100D6F5B1 /* XCLocalSwiftPackageReference "Packages/LibSignalClient" */ = {
			isa = XCLocalSwiftPackageReference;
			relativePath = Packages/LibSignalClient;
		};
/* End XCLocalSwiftPackageReference section */

/* Begin XCRemoteSwiftPackageReference section */
		1EE224992F05A2C9001F755A /* XCRemoteSwiftPackageReference "firebase-ios-sdk" */ = {
			isa = XCRemoteSwiftPackageReference;
			repositoryURL = "https://github.com/firebase/firebase-ios-sdk";
			requirement = {
				kind = upToNextMajorVersion;
				minimumVersion = 12.7.0;
			};
		};
		1EE224C02F05A2C9001F755A /* XCRemoteSwiftPackageReference "WebRTC" */ = {
			isa = XCRemoteSwiftPackageReference;
			repositoryURL = "https://github.com/stasel/WebRTC";
			requirement = {
				kind = upToNextMajorVersion;
				minimumVersion = 149.0.0;
			};
		};
		2A1F5F3A8F7C4B1282C0D003 /* XCRemoteSwiftPackageReference "GoogleSignIn-iOS" */ = {
			isa = XCRemoteSwiftPackageReference;
			repositoryURL = "https://github.com/google/GoogleSignIn-iOS";
			requirement = {
				kind = upToNextMajorVersion;
				minimumVersion = 7.0.0;
			};
		};
/* End XCRemoteSwiftPackageReference section */

/* Begin XCSwiftPackageProductDependency section */
		1EE2249A2F05A2C9001F755A /* FirebaseAuth */ = {
			isa = XCSwiftPackageProductDependency;
			package = 1EE224992F05A2C9001F755A /* XCRemoteSwiftPackageReference "firebase-ios-sdk" */;
			productName = FirebaseAuth;
		};
		1EE2249C2F05A2C9001F755A /* FirebaseCore */ = {
			isa = XCSwiftPackageProductDependency;
			package = 1EE224992F05A2C9001F755A /* XCRemoteSwiftPackageReference "firebase-ios-sdk" */;
			productName = FirebaseCore;
		};
		1EE2249E2F05A2C9001F755A /* FirebaseFirestore */ = {
			isa = XCSwiftPackageProductDependency;
			package = 1EE224992F05A2C9001F755A /* XCRemoteSwiftPackageReference "firebase-ios-sdk" */;
			productName = FirebaseFirestore;
		};
		1EE224A02F05A2C9001F755A /* FirebaseFunctions */ = {
			isa = XCSwiftPackageProductDependency;
			package = 1EE224992F05A2C9001F755A /* XCRemoteSwiftPackageReference "firebase-ios-sdk" */;
			productName = FirebaseFunctions;
		};
		1EE224B02F05A2C9001F755A /* FirebaseMessaging */ = {
			isa = XCSwiftPackageProductDependency;
			package = 1EE224992F05A2C9001F755A /* XCRemoteSwiftPackageReference "firebase-ios-sdk" */;
			productName = FirebaseMessaging;
		};
		1EE224C12F05A2C9001F755A /* WebRTC */ = {
			isa = XCSwiftPackageProductDependency;
			package = 1EE224C02F05A2C9001F755A /* XCRemoteSwiftPackageReference "WebRTC" */;
			productName = WebRTC;
		};
		1EE224D02F05A2C9001F755A /* FirebaseStorage */ = {
			isa = XCSwiftPackageProductDependency;
			package = 1EE224992F05A2C9001F755A /* XCRemoteSwiftPackageReference "firebase-ios-sdk" */;
			productName = FirebaseStorage;
		};
		2A1F5F3A8F7C4B1282C0D002 /* GoogleSignIn */ = {
			isa = XCSwiftPackageProductDependency;
			package = 2A1F5F3A8F7C4B1282C0D003 /* XCRemoteSwiftPackageReference "GoogleSignIn-iOS" */;
			productName = GoogleSignIn;
		};
		2A1F5F3A8F7C4B1282C0D004 /* FirebaseAppCheck */ = {
			isa = XCSwiftPackageProductDependency;
			package = 1EE224992F05A2C9001F755A /* XCRemoteSwiftPackageReference "firebase-ios-sdk" */;
			productName = FirebaseAppCheck;
		};
		2A1F5F3A8F7C4B1282C0D008 /* FirebaseCrashlytics */ = {
			isa = XCSwiftPackageProductDependency;
			package = 1EE224992F05A2C9001F755A /* XCRemoteSwiftPackageReference "firebase-ios-sdk" */;
			productName = FirebaseCrashlytics;
		};
		2A1F5F3A8F7C4B1282C0D00B /* FirebaseAnalytics */ = {
			isa = XCSwiftPackageProductDependency;
			package = 1EE224992F05A2C9001F755A /* XCRemoteSwiftPackageReference "firebase-ios-sdk" */;
			productName = FirebaseAnalytics;
		};
		3C6B57222F12A10100C5E4A1 /* LiteRTLM */ = {
			isa = XCSwiftPackageProductDependency;
			package = 3C6B57212F12A10100C5E4A1 /* XCLocalSwiftPackageReference "Packages/LiteRT-LM" */;
			productName = LiteRTLM;
		};
		4D7C68322F12A10100D6F5B2 /* LibSignalClient */ = {
			isa = XCSwiftPackageProductDependency;
			package = 4D7C68312F12A10100D6F5B1 /* XCLocalSwiftPackageReference "Packages/LibSignalClient" */;
			productName = LibSignalClient;
		};
/* End XCSwiftPackageProductDependency section */
	};
	rootObject = 1E7EE2202EAD5A1500C66134 /* Project object */;
}
